// !$*UTF8*$!
{
	archiveVersion = 1;
	classes = {
	};
	objectVersion = 56;
	objects = {

/* Begin PBXBuildFile section */
		F10000010000000000000001 /* Theme.swift in Sources */ = {isa = PBXBuildFile; fileRef = F20000010000000000000001 /* Theme.swift */; };
		F10000010000000000000002 /* Theme.swift in Sources */ = {isa = PBXBuildFile; fileRef = F20000010000000000000001 /* Theme.swift */; };
		16D6E3AE2F2B551E003EE171 /* NottaApp.swift in Sources */ = {isa = PBXBuildFile; fileRef = A20000010000000000000001 /* NottaApp.swift */; };
		16D6E3AF2F2B551E003EE171 /* AppState.swift in Sources */ = {isa = PBXBuildFile; fileRef = A20000010000000000000002 /* AppState.swift */; };
		16D6E3B02F2B551E003EE171 /* Transcription.swift in Sources */ = {isa = PBXBuildFile; fileRef = A20000010000000000000003 /* Transcription.swift */; };
		16D6E3B12F2B551E003EE171 /* Settings.swift in Sources */ = {isa = PBXBuildFile; fileRef = A20000010000000000000004 /* Settings.swift */; };
		16D6E3B22F2B551E003EE171 /* VoiceHealth.swift in Sources */ = {isa = PBXBuildFile; fileRef = A20000010000000000000005 /* VoiceHealth.swift */; };
		16D6E3B32F2B551E003EE171 /* MainView.swift in Sources */ = {isa = PBXBuildFile; fileRef = A20000010000000000000006 /* MainView.swift */; };
		16D6E3B42F2B551E003EE171 /* HistoryView.swift in Sources */ = {isa = PBXBuildFile; fileRef = A20000010000000000000007 /* HistoryView.swift */; };
		16D6E3B52F2B551E003EE171 /* SettingsView.swift in Sources */ = {isa = PBXBuildFile; fileRef = A20000010000000000000008 /* SettingsView.swift */; };
		16D6E3B62F2B551E003EE171 /* HealthDashboardView.swift in Sources */ = {isa = PBXBuildFile; fileRef = A20000010000000000000009 /* HealthDashboardView.swift */; };
		16D6E3B72F2B551E003EE171 /* AudioRecorder.swift in Sources */ = {isa = PBXBuildFile; fileRef = A20000010000000000000010 /* AudioRecorder.swift */; };
		16D6E3B82F2B551E003EE171 /* AppleSpeechService.swift in Sources */ = {isa = PBXBuildFile; fileRef = A20000010000000000000011 /* AppleSpeechService.swift */; };
		16D6E3B92F2B551E003EE171 /* HotkeyManager.swift in Sources */ = {isa = PBXBuildFile; fileRef = A20000010000000000000012 /* HotkeyManager.swift */; };
		16D6E3BA2F2B551E003EE171 /* AcousticAnalyzer.swift in Sources */ = {isa = PBXBuildFile; fileRef = A20000010000000000000013 /* AcousticAnalyzer.swift */; };
		16D6E3BD2F2B551E003EE171 /* Assets.xcassets in Resources */ = {isa = PBXBuildFile; fileRef = A20000010000000000000014 /* Assets.xcassets */; };
		16D6E3C52F2B6A15003EE171 /* Sparkle in Frameworks */ = {isa = PBXBuildFile; productRef = 16D6E3C42F2B6A15003EE171 /* Sparkle */; };
		16D6E3C62F2B6A15003EE171 /* WhisperKit in Frameworks */ = {isa = PBXBuildFile; productRef = 16D6E3C72F2B6A15003EE171 /* WhisperKit */; };
		W10000010000000000000001 /* TranscriptionBackend.swift in Sources */ = {isa = PBXBuildFile; fileRef = W20000010000000000000001 /* TranscriptionBackend.swift */; };
		W10000010000000000000002 /* TranscriptionBackend.swift in Sources */ = {isa = PBXBuildFile; fileRef = W20000010000000000000001 /* TranscriptionBackend.swift */; };
		W10000010000000000000003 /* TranscriptionServiceProtocol.swift in Sources */ = {isa = PBXBuildFile; fileRef = W20000010000000000000002 /* TranscriptionServiceProtocol.swift */; };
		W10000010000000000000004 /* TranscriptionServiceProtocol.swift in Sources */ = {isa = PBXBuildFile; fileRef = W20000010000000000000002 /* TranscriptionServiceProtocol.swift */; };
		W10000010000000000000005 /* WhisperKitService.swift in Sources */ = {isa = PBXBuildFile; fileRef = W20000010000000000000003 /* WhisperKitService.swift */; };
		W10000010000000000000006 /* WhisperKitService.swift in Sources */ = {isa = PBXBuildFile; fileRef = W20000010000000000000003 /* WhisperKitService.swift */; };
		W10000010000000000000007 /* ModelManager.swift in Sources */ = {isa = PBXBuildFile; fileRef = W20000010000000000000004 /* ModelManager.swift */; };
		W10000010000000000000008 /* ModelManager.swift in Sources */ = {isa = PBXBuildFile; fileRef = W20000010000000000000004 /* ModelManager.swift */; };
		W10000010000000000000009 /* TranscriptionManager.swift in Sources */ = {isa = PBXBuildFile; fileRef = W20000010000000000000005 /* TranscriptionManager.swift */; };
		W10000010000000000000010 /* TranscriptionManager.swift in Sources */ = {isa = PBXBuildFile; fileRef = W20000010000000000000005 /* TranscriptionManager.swift */; };
		W30000010000000000000003 /* WhisperKit in Frameworks */ = {isa = PBXBuildFile; productRef = W30000010000000000000002 /* WhisperKit */; };
		C10000010000000000000001 /* License.swift in Sources */ = {isa = PBXBuildFile; fileRef = C20000010000000000000001 /* License.swift */; };
		C10000010000000000000002 /* LicenseManager.swift in Sources */ = {isa = PBXBuildFile; fileRef = C20000010000000000000002 /* LicenseManager.swift */; };
		C10000010000000000000003 /* LicenseAPI.swift in Sources */ = {isa = PBXBuildFile; fileRef = C20000010000000000000003 /* LicenseAPI.swift */; };
		C10000010000000000000004 /* UpdaterService.swift in Sources */ = {isa = PBXBuildFile; fileRef = C20000010000000000000004 /* UpdaterService.swift */; };
		C10000010000000000000005 /* LicenseView.swift in Sources */ = {isa = PBXBuildFile; fileRef = C20000010000000000000005 /* LicenseView.swift */; };
		C10000010000000000000006 /* TrialBannerView.swift in Sources */ = {isa = PBXBuildFile; fileRef = C20000010000000000000006 /* TrialBannerView.swift */; };
		C10000010000000000000007 /* NotificationService.swift in Sources */ = {isa = PBXBuildFile; fileRef = C20000010000000000000007 /* NotificationService.swift */; };
		D10000010000000000000001 /* License.swift in Sources */ = {isa = PBXBuildFile; fileRef = C20000010000000000000001 /* License.swift */; };
		D10000010000000000000002 /* LicenseManager.swift in Sources */ = {isa = PBXBuildFile; fileRef = C20000010000000000000002 /* LicenseManager.swift */; };
		D10000010000000000000003 /* LicenseAPI.swift in Sources */ = {isa = PBXBuildFile; fileRef = C20000010000000000000003 /* LicenseAPI.swift */; };
		D10000010000000000000004 /* UpdaterService.swift in Sources */ = {isa = PBXBuildFile; fileRef = C20000010000000000000004 /* UpdaterService.swift */; };
		D10000010000000000000005 /* LicenseView.swift in Sources */ = {isa = PBXBuildFile; fileRef = C20000010000000000000005 /* LicenseView.swift */; };
		D10000010000000000000006 /* TrialBannerView.swift in Sources */ = {isa = PBXBuildFile; fileRef = C20000010000000000000006 /* TrialBannerView.swift */; };
		D10000010000000000000007 /* NotificationService.swift in Sources */ = {isa = PBXBuildFile; fileRef = C20000010000000000000007 /* NotificationService.swift */; };
		A10000010000000000000001 /* NottaApp.swift in Sources */ = {isa = PBXBuildFile; fileRef = A20000010000000000000001 /* NottaApp.swift */; };
		A10000010000000000000002 /* AppState.swift in Sources */ = {isa = PBXBuildFile; fileRef = A20000010000000000000002 /* AppState.swift */; };
		A10000010000000000000003 /* Transcription.swift in Sources */ = {isa = PBXBuildFile; fileRef = A20000010000000000000003 /* Transcription.swift */; };
		A10000010000000000000004 /* Settings.swift in Sources */ = {isa = PBXBuildFile; fileRef = A20000010000000000000004 /* Settings.swift */; };
		A10000010000000000000005 /* VoiceHealth.swift in Sources */ = {isa = PBXBuildFile; fileRef = A20000010000000000000005 /* VoiceHealth.swift */; };
		A10000010000000000000006 /* MainView.swift in Sources */ = {isa = PBXBuildFile; fileRef = A20000010000000000000006 /* MainView.swift */; };
		A10000010000000000000007 /* HistoryView.swift in Sources */ = {isa = PBXBuildFile; fileRef = A20000010000000000000007 /* HistoryView.swift */; };
		A10000010000000000000008 /* SettingsView.swift in Sources */ = {isa = PBXBuildFile; fileRef = A20000010000000000000008 /* SettingsView.swift */; };
		A10000010000000000000009 /* HealthDashboardView.swift in Sources */ = {isa = PBXBuildFile; fileRef = A20000010000000000000009 /* HealthDashboardView.swift */; };
		A10000010000000000000010 /* AudioRecorder.swift in Sources */ = {isa = PBXBuildFile; fileRef = A20000010000000000000010 /* AudioRecorder.swift */; };
		A10000010000000000000011 /* AppleSpeechService.swift in Sources */ = {isa = PBXBuildFile; fileRef = A20000010000000000000011 /* AppleSpeechService.swift */; };
		A10000010000000000000012 /* HotkeyManager.swift in Sources */ = {isa = PBXBuildFile; fileRef = A20000010000000000000012 /* HotkeyManager.swift */; };
		A10000010000000000000013 /* AcousticAnalyzer.swift in Sources */ = {isa = PBXBuildFile; fileRef = A20000010000000000000013 /* AcousticAnalyzer.swift */; };
		A10000010000000000000014 /* Assets.xcassets in Resources */ = {isa = PBXBuildFile; fileRef = A20000010000000000000014 /* Assets.xcassets */; };
		E10000010000000000000001 /* SettingsTests.swift in Sources */ = {isa = PBXBuildFile; fileRef = E20000010000000000000001 /* SettingsTests.swift */; };
		E10000010000000000000002 /* TranscriptionTests.swift in Sources */ = {isa = PBXBuildFile; fileRef = E20000010000000000000002 /* TranscriptionTests.swift */; };
		E10000010000000000000003 /* VoiceHealthTests.swift in Sources */ = {isa = PBXBuildFile; fileRef = E20000010000000000000003 /* VoiceHealthTests.swift */; };
		E10000010000000000000004 /* AcousticAnalyzerTests.swift in Sources */ = {isa = PBXBuildFile; fileRef = E20000010000000000000004 /* AcousticAnalyzerTests.swift */; };
		E10000010000000000000005 /* LicenseTests.swift in Sources */ = {isa = PBXBuildFile; fileRef = E20000010000000000000005 /* LicenseTests.swift */; };
		E10000010000000000000006 /* RecordingStatusTests.swift in Sources */ = {isa = PBXBuildFile; fileRef = E20000010000000000000006 /* RecordingStatusTests.swift */; };
		E10000010000000000000007 /* NotificationServiceTests.swift in Sources */ = {isa = PBXBuildFile; fileRef = E20000010000000000000007 /* NotificationServiceTests.swift */; };
		E10000010000000000000008 /* AppStateTests.swift in Sources */ = {isa = PBXBuildFile; fileRef = E20000010000000000000008 /* AppStateTests.swift */; };
		E10000010000000000000009 /* IntegrationTests.swift in Sources */ = {isa = PBXBuildFile; fileRef = E20000010000000000000009 /* IntegrationTests.swift */; };
/* End PBXBuildFile section */

/* Begin PBXFileReference section */
		F20000010000000000000001 /* Theme.swift */ = {isa = PBXFileReference; lastKnownFileType = sourcecode.swift; path = Theme.swift; sourceTree = "<group>"; };
		16D6E3C12F2B551E003EE171 /* Notta Pro.app */ = {isa = PBXFileReference; explicitFileType = wrapper.application; includeInIndex = 0; path = "Notta Pro.app"; sourceTree = BUILT_PRODUCTS_DIR; };
		16D6E3C22F2B551E003EE171 /* Notta copy-Info.plist */ = {isa = PBXFileReference; lastKnownFileType = text.plist.xml; name = "Notta copy-Info.plist"; path = "/Users/tyrondolpire/Projects/2026/Notta/NottaSwiftUI/Notta copy-Info.plist"; sourceTree = "<absolute>"; };
		A20000010000000000000001 /* NottaApp.swift */ = {isa = PBXFileReference; lastKnownFileType = sourcecode.swift; path = NottaApp.swift; sourceTree = "<group>"; };
		A20000010000000000000002 /* AppState.swift */ = {isa = PBXFileReference; lastKnownFileType = sourcecode.swift; path = AppState.swift; sourceTree = "<group>"; };
		A20000010000000000000003 /* Transcription.swift */ = {isa = PBXFileReference; lastKnownFileType = sourcecode.swift; path = Transcription.swift; sourceTree = "<group>"; };
		A20000010000000000000004 /* Settings.swift */ = {isa = PBXFileReference; lastKnownFileType = sourcecode.swift; path = Settings.swift; sourceTree = "<group>"; };
		A20000010000000000000005 /* VoiceHealth.swift */ = {isa = PBXFileReference; lastKnownFileType = sourcecode.swift; path = VoiceHealth.swift; sourceTree = "<group>"; };
		A20000010000000000000006 /* MainView.swift */ = {isa = PBXFileReference; lastKnownFileType = sourcecode.swift; path = MainView.swift; sourceTree = "<group>"; };
		A20000010000000000000007 /* HistoryView.swift */ = {isa = PBXFileReference; lastKnownFileType = sourcecode.swift; path = HistoryView.swift; sourceTree = "<group>"; };
		A20000010000000000000008 /* SettingsView.swift */ = {isa = PBXFileReference; lastKnownFileType = sourcecode.swift; path = SettingsView.swift; sourceTree = "<group>"; };
		A20000010000000000000009 /* HealthDashboardView.swift */ = {isa = PBXFileReference; lastKnownFileType = sourcecode.swift; path = HealthDashboardView.swift; sourceTree = "<group>"; };
		A20000010000000000000010 /* AudioRecorder.swift */ = {isa = PBXFileReference; lastKnownFileType = sourcecode.swift; path = AudioRecorder.swift; sourceTree = "<group>"; };
		A20000010000000000000011 /* AppleSpeechService.swift */ = {isa = PBXFileReference; lastKnownFileType = sourcecode.swift; path = AppleSpeechService.swift; sourceTree = "<group>"; };
		A20000010000000000000012 /* HotkeyManager.swift */ = {isa = PBXFileReference; lastKnownFileType = sourcecode.swift; path = HotkeyManager.swift; sourceTree = "<group>"; };
		W20000010000000000000001 /* TranscriptionBackend.swift */ = {isa = PBXFileReference; lastKnownFileType = sourcecode.swift; path = TranscriptionBackend.swift; sourceTree = "<group>"; };
		W20000010000000000000002 /* TranscriptionServiceProtocol.swift */ = {isa = PBXFileReference; lastKnownFileType = sourcecode.swift; path = TranscriptionServiceProtocol.swift; sourceTree = "<group>"; };
		W20000010000000000000003 /* WhisperKitService.swift */ = {isa = PBXFileReference; lastKnownFileType = sourcecode.swift; path = WhisperKitService.swift; sourceTree = "<group>"; };
		W20000010000000000000004 /* ModelManager.swift */ = {isa = PBXFileReference; lastKnownFileType = sourcecode.swift; path = ModelManager.swift; sourceTree = "<group>"; };
		W20000010000000000000005 /* TranscriptionManager.swift */ = {isa = PBXFileReference; lastKnownFileType = sourcecode.swift; path = TranscriptionManager.swift; sourceTree = "<group>"; };
		A20000010000000000000013 /* AcousticAnalyzer.swift */ = {isa = PBXFileReference; lastKnownFileType = sourcecode.swift; path = AcousticAnalyzer.swift; sourceTree = "<group>"; };
		A20000010000000000000014 /* Assets.xcassets */ = {isa = PBXFileReference; lastKnownFileType = folder.assetcatalog; path = Assets.xcassets; sourceTree = "<group>"; };
		A20000010000000000000015 /* Info.plist */ = {isa = PBXFileReference; lastKnownFileType = text.plist.xml; path = Info.plist; sourceTree = "<group>"; };
		A20000010000000000000016 /* Notta.entitlements */ = {isa = PBXFileReference; lastKnownFileType = text.plist.entitlements; path = Notta.entitlements; sourceTree = "<group>"; };
		A20000010000000000000017 /* NottaPro.entitlements */ = {isa = PBXFileReference; lastKnownFileType = text.plist.entitlements; path = NottaPro.entitlements; sourceTree = "<group>"; };
		C20000010000000000000001 /* License.swift */ = {isa = PBXFileReference; lastKnownFileType = sourcecode.swift; path = License.swift; sourceTree = "<group>"; };
		C20000010000000000000002 /* LicenseManager.swift */ = {isa = PBXFileReference; lastKnownFileType = sourcecode.swift; path = LicenseManager.swift; sourceTree = "<group>"; };
		C20000010000000000000003 /* LicenseAPI.swift */ = {isa = PBXFileReference; lastKnownFileType = sourcecode.swift; path = LicenseAPI.swift; sourceTree = "<group>"; };
		C20000010000000000000004 /* UpdaterService.swift */ = {isa = PBXFileReference; lastKnownFileType = sourcecode.swift; path = UpdaterService.swift; sourceTree = "<group>"; };
		C20000010000000000000005 /* LicenseView.swift */ = {isa = PBXFileReference; lastKnownFileType = sourcecode.swift; path = LicenseView.swift; sourceTree = "<group>"; };
		C20000010000000000000006 /* TrialBannerView.swift */ = {isa = PBXFileReference; lastKnownFileType = sourcecode.swift; path = TrialBannerView.swift; sourceTree = "<group>"; };
		C20000010000000000000007 /* NotificationService.swift */ = {isa = PBXFileReference; lastKnownFileType = sourcecode.swift; path = NotificationService.swift; sourceTree = "<group>"; };
		A30000010000000000000001 /* Notta.app */ = {isa = PBXFileReference; explicitFileType = wrapper.application; includeInIndex = 0; path = Notta.app; sourceTree = BUILT_PRODUCTS_DIR; };
		E20000010000000000000001 /* SettingsTests.swift */ = {isa = PBXFileReference; lastKnownFileType = sourcecode.swift; path = SettingsTests.swift; sourceTree = "<group>"; };
		E20000010000000000000002 /* TranscriptionTests.swift */ = {isa = PBXFileReference; lastKnownFileType = sourcecode.swift; path = TranscriptionTests.swift; sourceTree = "<group>"; };
		E20000010000000000000003 /* VoiceHealthTests.swift */ = {isa = PBXFileReference; lastKnownFileType = sourcecode.swift; path = VoiceHealthTests.swift; sourceTree = "<group>"; };
		E20000010000000000000004 /* AcousticAnalyzerTests.swift */ = {isa = PBXFileReference; lastKnownFileType = sourcecode.swift; path = AcousticAnalyzerTests.swift; sourceTree = "<group>"; };
		E20000010000000000000005 /* LicenseTests.swift */ = {isa = PBXFileReference; lastKnownFileType = sourcecode.swift; path = LicenseTests.swift; sourceTree = "<group>"; };
		E20000010000000000000006 /* RecordingStatusTests.swift */ = {isa = PBXFileReference; lastKnownFileType = sourcecode.swift; path = RecordingStatusTests.swift; sourceTree = "<group>"; };
		E20000010000000000000007 /* NotificationServiceTests.swift */ = {isa = PBXFileReference; lastKnownFileType = sourcecode.swift; path = NotificationServiceTests.swift; sourceTree = "<group>"; };
		E20000010000000000000008 /* AppStateTests.swift */ = {isa = PBXFileReference; lastKnownFileType = sourcecode.swift; path = AppStateTests.swift; sourceTree = "<group>"; };
		E20000010000000000000009 /* IntegrationTests.swift */ = {isa = PBXFileReference; lastKnownFileType = sourcecode.swift; path = IntegrationTests.swift; sourceTree = "<group>"; };
		E30000010000000000000001 /* NottaTests.xctest */ = {isa = PBXFileReference; explicitFileType = wrapper.cfbundle; includeInIndex = 0; path = NottaTests.xctest; sourceTree = BUILT_PRODUCTS_DIR; };
/* End PBXFileReference section */

/* Begin PBXFrameworksBuildPhase section */
		16D6E3BB2F2B551E003EE171 /* Frameworks */ = {
			isa = PBXFrameworksBuildPhase;
			buildActionMask = 2147483647;
			files = (
				16D6E3C52F2B6A15003EE171 /* Sparkle in Frameworks */,
			);
			runOnlyForDeploymentPostprocessing = 0;
		};
		A40000010000000000000001 /* Frameworks */ = {
			isa = PBXFrameworksBuildPhase;
			buildActionMask = 2147483647;
			files = (
				W30000010000000000000003 /* WhisperKit in Frameworks */,
			);
			runOnlyForDeploymentPostprocessing = 0;
		};
		E40000010000000000000001 /* Frameworks */ = {
			isa = PBXFrameworksBuildPhase;
			buildActionMask = 2147483647;
			files = (
			);
			runOnlyForDeploymentPostprocessing = 0;
		};
/* End PBXFrameworksBuildPhase section */

/* Begin PBXGroup section */
		A50000010000000000000001 = {
			isa = PBXGroup;
			children = (
				A50000010000000000000002 /* Notta */,
				E50000010000000000000001 /* NottaTests */,
				16D6E3C22F2B551E003EE171 /* Notta copy-Info.plist */,
				A50000010000000000000003 /* Products */,
			);
			sourceTree = "<group>";
		};
		A50000010000000000000002 /* Notta */ = {
			isa = PBXGroup;
			children = (
				A20000010000000000000001 /* NottaApp.swift */,
				A20000010000000000000002 /* AppState.swift */,
				F20000010000000000000001 /* Theme.swift */,
				A20000010000000000000015 /* Info.plist */,
				A20000010000000000000016 /* Notta.entitlements */,
				A20000010000000000000017 /* NottaPro.entitlements */,
				A50000010000000000000004 /* Models */,
				A50000010000000000000005 /* Views */,
				A50000010000000000000006 /* Services */,
				A50000010000000000000007 /* Resources */,
			);
			path = Notta;
			sourceTree = "<group>";
		};
		A50000010000000000000003 /* Products */ = {
			isa = PBXGroup;
			children = (
				A30000010000000000000001 /* Notta.app */,
				16D6E3C12F2B551E003EE171 /* Notta Pro.app */,
				E30000010000000000000001 /* NottaTests.xctest */,
			);
			name = Products;
			sourceTree = "<group>";
		};
		A50000010000000000000004 /* Models */ = {
			isa = PBXGroup;
			children = (
				A20000010000000000000003 /* Transcription.swift */,
				A20000010000000000000004 /* Settings.swift */,
				A20000010000000000000005 /* VoiceHealth.swift */,
				C20000010000000000000001 /* License.swift */,
				W20000010000000000000001 /* TranscriptionBackend.swift */,
			);
			path = Models;
			sourceTree = "<group>";
		};
		A50000010000000000000005 /* Views */ = {
			isa = PBXGroup;
			children = (
				A20000010000000000000006 /* MainView.swift */,
				A20000010000000000000007 /* HistoryView.swift */,
				A20000010000000000000008 /* SettingsView.swift */,
				A20000010000000000000009 /* HealthDashboardView.swift */,
				C20000010000000000000005 /* LicenseView.swift */,
				C20000010000000000000006 /* TrialBannerView.swift */,
			);
			path = Views;
			sourceTree = "<group>";
		};
		A50000010000000000000006 /* Services */ = {
			isa = PBXGroup;
			children = (
				A20000010000000000000010 /* AudioRecorder.swift */,
				A20000010000000000000011 /* AppleSpeechService.swift */,
				A20000010000000000000012 /* HotkeyManager.swift */,
				A20000010000000000000013 /* AcousticAnalyzer.swift */,
				C20000010000000000000002 /* LicenseManager.swift */,
				C20000010000000000000003 /* LicenseAPI.swift */,
				C20000010000000000000004 /* UpdaterService.swift */,
				C20000010000000000000007 /* NotificationService.swift */,
				W20000010000000000000002 /* TranscriptionServiceProtocol.swift */,
				W20000010000000000000003 /* WhisperKitService.swift */,
				W20000010000000000000004 /* ModelManager.swift */,
				W20000010000000000000005 /* TranscriptionManager.swift */,
			);
			path = Services;
			sourceTree = "<group>";
		};
		A50000010000000000000007 /* Resources */ = {
			isa = PBXGroup;
			children = (
				A20000010000000000000014 /* Assets.xcassets */,
			);
			path = Resources;
			sourceTree = "<group>";
		};
		E50000010000000000000001 /* NottaTests */ = {
			isa = PBXGroup;
			children = (
				E20000010000000000000001 /* SettingsTests.swift */,
				E20000010000000000000002 /* TranscriptionTests.swift */,
				E20000010000000000000003 /* VoiceHealthTests.swift */,
				E20000010000000000000004 /* AcousticAnalyzerTests.swift */,
				E20000010000000000000005 /* LicenseTests.swift */,
				E20000010000000000000006 /* RecordingStatusTests.swift */,
				E20000010000000000000007 /* NotificationServiceTests.swift */,
				E20000010000000000000008 /* AppStateTests.swift */,
				E20000010000000000000009 /* IntegrationTests.swift */,
			);
			path = NottaTests;
			sourceTree = "<group>";
		};
/* End PBXGroup section */

/* Begin PBXNativeTarget section */
		16D6E3AC2F2B551E003EE171 /* Notta Pro */ = {
			isa = PBXNativeTarget;
			buildConfigurationList = 16D6E3BE2F2B551E003EE171 /* Build configuration list for PBXNativeTarget "Notta Pro" */;
			buildPhases = (
				16D6E3AD2F2B551E003EE171 /* Sources */,
				16D6E3BB2F2B551E003EE171 /* Frameworks */,
				16D6E3BC2F2B551E003EE171 /* Resources */,
			);
			buildRules = (
			);
			dependencies = (
			);
			name = "Notta Pro";
			packageProductDependencies = (
				16D6E3C42F2B6A15003EE171 /* Sparkle */,
				16D6E3C72F2B6A15003EE171 /* WhisperKit */,
			);
			productName = Notta;
			productReference = 16D6E3C12F2B551E003EE171 /* Notta Pro.app */;
			productType = "com.apple.product-type.application";
		};
		A60000010000000000000001 /* Notta */ = {
			isa = PBXNativeTarget;
			buildConfigurationList = A80000010000000000000001 /* Build configuration list for PBXNativeTarget "Notta" */;
			buildPhases = (
				A70000010000000000000001 /* Sources */,
				A40000010000000000000001 /* Frameworks */,
				A70000010000000000000002 /* Resources */,
			);
			buildRules = (
			);
			dependencies = (
			);
			name = Notta;
			packageProductDependencies = (
				W30000010000000000000002 /* WhisperKit */,
			);
			productName = Notta;
			productReference = A30000010000000000000001 /* Notta.app */;
			productType = "com.apple.product-type.application";
		};
		E60000010000000000000001 /* NottaTests */ = {
			isa = PBXNativeTarget;
			buildConfigurationList = E80000010000000000000001 /* Build configuration list for PBXNativeTarget "NottaTests" */;
			buildPhases = (
				E70000010000000000000001 /* Sources */,
				E40000010000000000000001 /* Frameworks */,
			);
			buildRules = (
			);
			dependencies = (
				E90000010000000000000001 /* PBXTargetDependency */,
			);
			name = NottaTests;
			productName = NottaTests;
			productReference = E30000010000000000000001 /* NottaTests.xctest */;
			productType = "com.apple.product-type.bundle.unit-test";
		};
/* End PBXNativeTarget section */

/* Begin PBXProject section */
		A90000010000000000000001 /* Project object */ = {
			isa = PBXProject;
			attributes = {
				BuildIndependentTargetsInParallel = 1;
				LastSwiftUpdateCheck = 1520;
				LastUpgradeCheck = 1520;
				TargetAttributes = {
					A60000010000000000000001 = {
						CreatedOnToolsVersion = 15.2;
					};
				};
			};
			buildConfigurationList = A80000010000000000000002 /* Build configuration list for PBXProject "Notta" */;
			compatibilityVersion = "Xcode 14.0";
			developmentRegion = en;
			hasScannedForEncodings = 0;
			knownRegions = (
				en,
				Base,
			);
			mainGroup = A50000010000000000000001;
			packageReferences = (
				16D6E3C32F2B6A15003EE171 /* XCRemoteSwiftPackageReference "Sparkle" */,
				W30000010000000000000001 /* XCRemoteSwiftPackageReference "WhisperKit" */,
			);
			productRefGroup = A50000010000000000000003 /* Products */;
			projectDirPath = "";
			projectRoot = "";
			targets = (
				A60000010000000000000001 /* Notta */,
				16D6E3AC2F2B551E003EE171 /* Notta Pro */,
				E60000010000000000000001 /* NottaTests */,
			);
		};
/* End PBXProject section */

/* Begin PBXResourcesBuildPhase section */
		16D6E3BC2F2B551E003EE171 /* Resources */ = {
			isa = PBXResourcesBuildPhase;
			buildActionMask = 2147483647;
			files = (
				16D6E3BD2F2B551E003EE171 /* Assets.xcassets in Resources */,
			);
			runOnlyForDeploymentPostprocessing = 0;
		};
		A70000010000000000000002 /* Resources */ = {
			isa = PBXResourcesBuildPhase;
			buildActionMask = 2147483647;
			files = (
				A10000010000000000000014 /* Assets.xcassets in Resources */,
			);
			runOnlyForDeploymentPostprocessing = 0;
		};
/* End PBXResourcesBuildPhase section */

/* Begin PBXSourcesBuildPhase section */
		16D6E3AD2F2B551E003EE171 /* Sources */ = {
			isa = PBXSourcesBuildPhase;
			buildActionMask = 2147483647;
			files = (
				F10000010000000000000001 /* Theme.swift in Sources */,
				16D6E3AE2F2B551E003EE171 /* NottaApp.swift in Sources */,
				16D6E3AF2F2B551E003EE171 /* AppState.swift in Sources */,
				16D6E3B02F2B551E003EE171 /* Transcription.swift in Sources */,
				16D6E3B12F2B551E003EE171 /* Settings.swift in Sources */,
				16D6E3B22F2B551E003EE171 /* VoiceHealth.swift in Sources */,
				16D6E3B32F2B551E003EE171 /* MainView.swift in Sources */,
				16D6E3B42F2B551E003EE171 /* HistoryView.swift in Sources */,
				16D6E3B52F2B551E003EE171 /* SettingsView.swift in Sources */,
				16D6E3B62F2B551E003EE171 /* HealthDashboardView.swift in Sources */,
				16D6E3B72F2B551E003EE171 /* AudioRecorder.swift in Sources */,
				16D6E3B82F2B551E003EE171 /* AppleSpeechService.swift in Sources */,
				W10000010000000000000001 /* TranscriptionBackend.swift in Sources */,
				W10000010000000000000003 /* TranscriptionServiceProtocol.swift in Sources */,
				W10000010000000000000005 /* WhisperKitService.swift in Sources */,
				W10000010000000000000007 /* ModelManager.swift in Sources */,
				W10000010000000000000009 /* TranscriptionManager.swift in Sources */,
				16D6E3B92F2B551E003EE171 /* HotkeyManager.swift in Sources */,
				16D6E3BA2F2B551E003EE171 /* AcousticAnalyzer.swift in Sources */,
				C10000010000000000000001 /* License.swift in Sources */,
				C10000010000000000000002 /* LicenseManager.swift in Sources */,
				C10000010000000000000003 /* LicenseAPI.swift in Sources */,
				C10000010000000000000004 /* UpdaterService.swift in Sources */,
				C10000010000000000000005 /* LicenseView.swift in Sources */,
				C10000010000000000000006 /* TrialBannerView.swift in Sources */,
				C10000010000000000000007 /* NotificationService.swift in Sources */,
			);
			runOnlyForDeploymentPostprocessing = 0;
		};
		A70000010000000000000001 /* Sources */ = {
			isa = PBXSourcesBuildPhase;
			buildActionMask = 2147483647;
			files = (
				F10000010000000000000002 /* Theme.swift in Sources */,
				A10000010000000000000001 /* NottaApp.swift in Sources */,
				A10000010000000000000002 /* AppState.swift in Sources */,
				A10000010000000000000003 /* Transcription.swift in Sources */,
				A10000010000000000000004 /* Settings.swift in Sources */,
				A10000010000000000000005 /* VoiceHealth.swift in Sources */,
				A10000010000000000000006 /* MainView.swift in Sources */,
				A10000010000000000000007 /* HistoryView.swift in Sources */,
				A10000010000000000000008 /* SettingsView.swift in Sources */,
				A10000010000000000000009 /* HealthDashboardView.swift in Sources */,
				A10000010000000000000010 /* AudioRecorder.swift in Sources */,
				A10000010000000000000011 /* AppleSpeechService.swift in Sources */,
				W10000010000000000000002 /* TranscriptionBackend.swift in Sources */,
				W10000010000000000000004 /* TranscriptionServiceProtocol.swift in Sources */,
				W10000010000000000000006 /* WhisperKitService.swift in Sources */,
				W10000010000000000000008 /* ModelManager.swift in Sources */,
				W10000010000000000000010 /* TranscriptionManager.swift in Sources */,
				A10000010000000000000012 /* HotkeyManager.swift in Sources */,
				A10000010000000000000013 /* AcousticAnalyzer.swift in Sources */,
				D10000010000000000000001 /* License.swift in Sources */,
				D10000010000000000000002 /* LicenseManager.swift in Sources */,
				D10000010000000000000003 /* LicenseAPI.swift in Sources */,
				D10000010000000000000004 /* UpdaterService.swift in Sources */,
				D10000010000000000000005 /* LicenseView.swift in Sources */,
				D10000010000000000000006 /* TrialBannerView.swift in Sources */,
				D10000010000000000000007 /* NotificationService.swift in Sources */,
			);
			runOnlyForDeploymentPostprocessing = 0;
		};
		E70000010000000000000001 /* Sources */ = {
			isa = PBXSourcesBuildPhase;
			buildActionMask = 2147483647;
			files = (
				E10000010000000000000001 /* SettingsTests.swift in Sources */,
				E10000010000000000000002 /* TranscriptionTests.swift in Sources */,
				E10000010000000000000003 /* VoiceHealthTests.swift in Sources */,
				E10000010000000000000004 /* AcousticAnalyzerTests.swift in Sources */,
				E10000010000000000000005 /* LicenseTests.swift in Sources */,
				E10000010000000000000006 /* RecordingStatusTests.swift in Sources */,
				E10000010000000000000007 /* NotificationServiceTests.swift in Sources */,
				E10000010000000000000008 /* AppStateTests.swift in Sources */,
				E10000010000000000000009 /* IntegrationTests.swift in Sources */,
			);
			runOnlyForDeploymentPostprocessing = 0;
		};
/* End PBXSourcesBuildPhase section */

/* Begin PBXContainerItemProxy section */
		E90000010000000000000002 /* PBXContainerItemProxy */ = {
			isa = PBXContainerItemProxy;
			containerPortal = A90000010000000000000001 /* Project object */;
			proxyType = 1;
			remoteGlobalIDString = A60000010000000000000001;
			remoteInfo = Notta;
		};
/* End PBXContainerItemProxy section */

/* Begin PBXTargetDependency section */
		E90000010000000000000001 /* PBXTargetDependency */ = {
			isa = PBXTargetDependency;
			target = A60000010000000000000001 /* Notta */;
			targetProxy = E90000010000000000000002 /* PBXContainerItemProxy */;
		};
/* End PBXTargetDependency section */

/* Begin XCBuildConfiguration section */
		16D6E3BF2F2B551E003EE171 /* Debug */ = {
			isa = XCBuildConfiguration;
			buildSettings = {
				ASSETCATALOG_COMPILER_APPICON_NAME = AppIcon;
				ASSETCATALOG_COMPILER_GLOBAL_ACCENT_COLOR_NAME = AccentColor;
				CODE_SIGN_ENTITLEMENTS = Notta/NottaPro.entitlements;
				CODE_SIGN_STYLE = Automatic;
				COMBINE_HIDPI_IMAGES = YES;
				CURRENT_PROJECT_VERSION = 1;
				DEVELOPMENT_TEAM = A66WA4P44Y;
				ENABLE_HARDENED_RUNTIME = YES;
				GENERATE_INFOPLIST_FILE = NO;
				INFOPLIST_FILE = "Notta copy-Info.plist";
				INFOPLIST_KEY_CFBundleDisplayName = Notta;
				INFOPLIST_KEY_LSApplicationCategoryType = "public.app-category.productivity";
				INFOPLIST_KEY_NSHumanReadableCopyright = "Copyright 2026. All rights reserved.";
				INFOPLIST_KEY_NSMicrophoneUsageDescription = "Notta needs microphone access to record your voice for transcription.";
				LD_RUNPATH_SEARCH_PATHS = (
					"$(inherited)",
					"@executable_path/../Frameworks",
				);
				MARKETING_VERSION = 2.0.0;
				PRODUCT_BUNDLE_IDENTIFIER = com.notta.app;
				PRODUCT_NAME = "$(TARGET_NAME)";
				SWIFT_EMIT_LOC_STRINGS = YES;
				SWIFT_VERSION = 5.0;
			};
			name = Debug;
		};
		16D6E3C02F2B551E003EE171 /* Release */ = {
			isa = XCBuildConfiguration;
			buildSettings = {
				ASSETCATALOG_COMPILER_APPICON_NAME = AppIcon;
				ASSETCATALOG_COMPILER_GLOBAL_ACCENT_COLOR_NAME = AccentColor;
				CODE_SIGN_ENTITLEMENTS = Notta/NottaPro.entitlements;
				CODE_SIGN_STYLE = Automatic;
				COMBINE_HIDPI_IMAGES = YES;
				CURRENT_PROJECT_VERSION = 1;
				DEVELOPMENT_TEAM = A66WA4P44Y;
				ENABLE_HARDENED_RUNTIME = YES;
				GENERATE_INFOPLIST_FILE = NO;
				INFOPLIST_FILE = "Notta copy-Info.plist";
				INFOPLIST_KEY_CFBundleDisplayName = Notta;
				INFOPLIST_KEY_LSApplicationCategoryType = "public.app-category.productivity";
				INFOPLIST_KEY_NSHumanReadableCopyright = "Copyright 2026. All rights reserved.";
				INFOPLIST_KEY_NSMicrophoneUsageDescription = "Notta needs microphone access to record your voice for transcription.";
				LD_RUNPATH_SEARCH_PATHS = (
					"$(inherited)",
					"@executable_path/../Frameworks",
				);
				MARKETING_VERSION = 2.0.0;
				PRODUCT_BUNDLE_IDENTIFIER = com.notta.app;
				PRODUCT_NAME = "$(TARGET_NAME)";
				SWIFT_EMIT_LOC_STRINGS = YES;
				SWIFT_VERSION = 5.0;
			};
			name = Release;
		};
		B10000010000000000000001 /* Debug */ = {
			isa = XCBuildConfiguration;
			buildSettings = {
				ALWAYS_SEARCH_USER_PATHS = NO;
				ASSETCATALOG_COMPILER_GENERATE_SWIFT_ASSET_SYMBOL_EXTENSIONS = YES;
				CLANG_ANALYZER_NONNULL = YES;
				CLANG_ANALYZER_NUMBER_OBJECT_CONVERSION = YES_AGGRESSIVE;
				CLANG_CXX_LANGUAGE_STANDARD = "gnu++20";
				CLANG_ENABLE_MODULES = YES;
				CLANG_ENABLE_OBJC_ARC = YES;
				CLANG_ENABLE_OBJC_WEAK = YES;
				CLANG_WARN_BLOCK_CAPTURE_AUTORELEASING = YES;
				CLANG_WARN_BOOL_CONVERSION = YES;
				CLANG_WARN_COMMA = YES;
				CLANG_WARN_CONSTANT_CONVERSION = YES;
				CLANG_WARN_DEPRECATED_OBJC_IMPLEMENTATIONS = YES;
				CLANG_WARN_DIRECT_OBJC_ISA_USAGE = YES_ERROR;
				CLANG_WARN_DOCUMENTATION_COMMENTS = YES;
				CLANG_WARN_EMPTY_BODY = YES;
				CLANG_WARN_ENUM_CONVERSION = YES;
				CLANG_WARN_INFINITE_RECURSION = YES;
				CLANG_WARN_INT_CONVERSION = YES;
				CLANG_WARN_NON_LITERAL_NULL_CONVERSION = YES;
				CLANG_WARN_OBJC_IMPLICIT_RETAIN_SELF = YES;
				CLANG_WARN_OBJC_LITERAL_CONVERSION = YES;
				CLANG_WARN_OBJC_ROOT_CLASS = YES_ERROR;
				CLANG_WARN_QUOTED_INCLUDE_IN_FRAMEWORK_HEADER = YES;
				CLANG_WARN_RANGE_LOOP_ANALYSIS = YES;
				CLANG_WARN_STRICT_PROTOTYPES = YES;
				CLANG_WARN_SUSPICIOUS_MOVE = YES;
				CLANG_WARN_UNGUARDED_AVAILABILITY = YES_AGGRESSIVE;
				CLANG_WARN_UNREACHABLE_CODE = YES;
				CLANG_WARN__DUPLICATE_METHOD_MATCH = YES;
				COPY_PHASE_STRIP = NO;
				DEBUG_INFORMATION_FORMAT = dwarf;
				ENABLE_STRICT_OBJC_MSGSEND = YES;
				ENABLE_TESTABILITY = YES;
				ENABLE_USER_SCRIPT_SANDBOXING = YES;
				GCC_C_LANGUAGE_STANDARD = gnu17;
				GCC_DYNAMIC_NO_PIC = NO;
				GCC_NO_COMMON_BLOCKS = YES;
				GCC_OPTIMIZATION_LEVEL = 0;
				GCC_PREPROCESSOR_DEFINITIONS = (
					"DEBUG=1",
					"$(inherited)",
				);
				GCC_WARN_64_TO_32_BIT_CONVERSION = YES;
				GCC_WARN_ABOUT_RETURN_TYPE = YES_ERROR;
				GCC_WARN_UNDECLARED_SELECTOR = YES;
				GCC_WARN_UNINITIALIZED_AUTOS = YES_AGGRESSIVE;
				GCC_WARN_UNUSED_FUNCTION = YES;
				GCC_WARN_UNUSED_VARIABLE = YES;
				LOCALIZATION_PREFERS_STRING_CATALOGS = YES;
				MACOSX_DEPLOYMENT_TARGET = 14.0;
				MTL_ENABLE_DEBUG_INFO = INCLUDE_SOURCE;
				MTL_FAST_MATH = YES;
				ONLY_ACTIVE_ARCH = YES;
				SDKROOT = macosx;
				SWIFT_ACTIVE_COMPILATION_CONDITIONS = "DEBUG $(inherited)";
				SWIFT_OPTIMIZATION_LEVEL = "-Onone";
			};
			name = Debug;
		};
		B10000010000000000000002 /* Release */ = {
			isa = XCBuildConfiguration;
			buildSettings = {
				ALWAYS_SEARCH_USER_PATHS = NO;
				ASSETCATALOG_COMPILER_GENERATE_SWIFT_ASSET_SYMBOL_EXTENSIONS = YES;
				CLANG_ANALYZER_NONNULL = YES;
				CLANG_ANALYZER_NUMBER_OBJECT_CONVERSION = YES_AGGRESSIVE;
				CLANG_CXX_LANGUAGE_STANDARD = "gnu++20";
				CLANG_ENABLE_MODULES = YES;
				CLANG_ENABLE_OBJC_ARC = YES;
				CLANG_ENABLE_OBJC_WEAK = YES;
				CLANG_WARN_BLOCK_CAPTURE_AUTORELEASING = YES;
				CLANG_WARN_BOOL_CONVERSION = YES;
				CLANG_WARN_COMMA = YES;
				CLANG_WARN_CONSTANT_CONVERSION = YES;
				CLANG_WARN_DEPRECATED_OBJC_IMPLEMENTATIONS = YES;
				CLANG_WARN_DIRECT_OBJC_ISA_USAGE = YES_ERROR;
				CLANG_WARN_DOCUMENTATION_COMMENTS = YES;
				CLANG_WARN_EMPTY_BODY = YES;
				CLANG_WARN_ENUM_CONVERSION = YES;
				CLANG_WARN_INFINITE_RECURSION = YES;
				CLANG_WARN_INT_CONVERSION = YES;
				CLANG_WARN_NON_LITERAL_NULL_CONVERSION = YES;
				CLANG_WARN_OBJC_IMPLICIT_RETAIN_SELF = YES;
				CLANG_WARN_OBJC_LITERAL_CONVERSION = YES;
				CLANG_WARN_OBJC_ROOT_CLASS = YES_ERROR;
				CLANG_WARN_QUOTED_INCLUDE_IN_FRAMEWORK_HEADER = YES;
				CLANG_WARN_RANGE_LOOP_ANALYSIS = YES;
				CLANG_WARN_STRICT_PROTOTYPES = YES;
				CLANG_WARN_SUSPICIOUS_MOVE = YES;
				CLANG_WARN_UNGUARDED_AVAILABILITY = YES_AGGRESSIVE;
				CLANG_WARN_UNREACHABLE_CODE = YES;
				CLANG_WARN__DUPLICATE_METHOD_MATCH = YES;
				COPY_PHASE_STRIP = NO;
				DEBUG_INFORMATION_FORMAT = "dwarf-with-dsym";
				ENABLE_NS_ASSERTIONS = NO;
				ENABLE_STRICT_OBJC_MSGSEND = YES;
				ENABLE_USER_SCRIPT_SANDBOXING = YES;
				GCC_C_LANGUAGE_STANDARD = gnu17;
				GCC_NO_COMMON_BLOCKS = YES;
				GCC_WARN_64_TO_32_BIT_CONVERSION = YES;
				GCC_WARN_ABOUT_RETURN_TYPE = YES_ERROR;
				GCC_WARN_UNDECLARED_SELECTOR = YES;
				GCC_WARN_UNINITIALIZED_AUTOS = YES_AGGRESSIVE;
				GCC_WARN_UNUSED_FUNCTION = YES;
				GCC_WARN_UNUSED_VARIABLE = YES;
				LOCALIZATION_PREFERS_STRING_CATALOGS = YES;
				MACOSX_DEPLOYMENT_TARGET = 14.0;
				MTL_ENABLE_DEBUG_INFO = NO;
				MTL_FAST_MATH = YES;
				SDKROOT = macosx;
				SWIFT_COMPILATION_MODE = wholemodule;
			};
			name = Release;
		};
		B10000010000000000000003 /* Debug */ = {
			isa = XCBuildConfiguration;
			buildSettings = {
				ASSETCATALOG_COMPILER_APPICON_NAME = AppIcon;
				ASSETCATALOG_COMPILER_GLOBAL_ACCENT_COLOR_NAME = AccentColor;
				CODE_SIGN_ENTITLEMENTS = Notta/Notta.entitlements;
				CODE_SIGN_STYLE = Automatic;
				COMBINE_HIDPI_IMAGES = YES;
				CURRENT_PROJECT_VERSION = 1;
				DEVELOPMENT_TEAM = A66WA4P44Y;
				ENABLE_HARDENED_RUNTIME = YES;
				GENERATE_INFOPLIST_FILE = NO;
				INFOPLIST_FILE = Notta/Info.plist;
				INFOPLIST_KEY_CFBundleDisplayName = Notta;
				INFOPLIST_KEY_LSApplicationCategoryType = "public.app-category.productivity";
				INFOPLIST_KEY_NSHumanReadableCopyright = "Copyright 2026. All rights reserved.";
				INFOPLIST_KEY_NSMicrophoneUsageDescription = "Notta needs microphone access to record your voice for transcription.";
				LD_RUNPATH_SEARCH_PATHS = (
					"$(inherited)",
					"@executable_path/../Frameworks",
				);
				MARKETING_VERSION = 2.0.0;
				PRODUCT_BUNDLE_IDENTIFIER = com.notta.app;
				PRODUCT_NAME = "$(TARGET_NAME)";
				SWIFT_ACTIVE_COMPILATION_CONDITIONS = "$(inherited) APPSTORE";
				SWIFT_EMIT_LOC_STRINGS = YES;
				SWIFT_VERSION = 5.0;
			};
			name = Debug;
		};
		B10000010000000000000004 /* Release */ = {
			isa = XCBuildConfiguration;
			buildSettings = {
				ASSETCATALOG_COMPILER_APPICON_NAME = AppIcon;
				ASSETCATALOG_COMPILER_GLOBAL_ACCENT_COLOR_NAME = AccentColor;
				CODE_SIGN_ENTITLEMENTS = Notta/Notta.entitlements;
				CODE_SIGN_STYLE = Automatic;
				COMBINE_HIDPI_IMAGES = YES;
				CURRENT_PROJECT_VERSION = 1;
				DEVELOPMENT_TEAM = A66WA4P44Y;
				ENABLE_HARDENED_RUNTIME = YES;
				GENERATE_INFOPLIST_FILE = NO;
				INFOPLIST_FILE = Notta/Info.plist;
				INFOPLIST_KEY_CFBundleDisplayName = Notta;
				INFOPLIST_KEY_LSApplicationCategoryType = "public.app-category.productivity";
				INFOPLIST_KEY_NSHumanReadableCopyright = "Copyright 2026. All rights reserved.";
				INFOPLIST_KEY_NSMicrophoneUsageDescription = "Notta needs microphone access to record your voice for transcription.";
				LD_RUNPATH_SEARCH_PATHS = (
					"$(inherited)",
					"@executable_path/../Frameworks",
				);
				MARKETING_VERSION = 2.0.0;
				PRODUCT_BUNDLE_IDENTIFIER = com.notta.app;
				PRODUCT_NAME = "$(TARGET_NAME)";
				SWIFT_ACTIVE_COMPILATION_CONDITIONS = "$(inherited) APPSTORE";
				SWIFT_EMIT_LOC_STRINGS = YES;
				SWIFT_VERSION = 5.0;
			};
			name = Release;
		};
		E80000010000000000000002 /* Debug */ = {
			isa = XCBuildConfiguration;
			buildSettings = {
				BUNDLE_LOADER = "$(TEST_HOST)";
				CODE_SIGN_STYLE = Automatic;
				CURRENT_PROJECT_VERSION = 1;
				DEVELOPMENT_TEAM = A66WA4P44Y;
				GENERATE_INFOPLIST_FILE = YES;
				MACOSX_DEPLOYMENT_TARGET = 14.0;
				MARKETING_VERSION = 1.0;
				PRODUCT_BUNDLE_IDENTIFIER = com.notta.app.tests;
				PRODUCT_NAME = "$(TARGET_NAME)";
				SWIFT_EMIT_LOC_STRINGS = NO;
				SWIFT_VERSION = 5.0;
				TEST_HOST = "$(BUILT_PRODUCTS_DIR)/Notta.app/$(BUNDLE_EXECUTABLE_FOLDER_PATH)/Notta";
			};
			name = Debug;
		};
		E80000010000000000000003 /* Release */ = {
			isa = XCBuildConfiguration;
			buildSettings = {
				BUNDLE_LOADER = "$(TEST_HOST)";
				CODE_SIGN_STYLE = Automatic;
				CURRENT_PROJECT_VERSION = 1;
				DEVELOPMENT_TEAM = A66WA4P44Y;
				GENERATE_INFOPLIST_FILE = YES;
				MACOSX_DEPLOYMENT_TARGET = 14.0;
				MARKETING_VERSION = 1.0;
				PRODUCT_BUNDLE_IDENTIFIER = com.notta.app.tests;
				PRODUCT_NAME = "$(TARGET_NAME)";
				SWIFT_EMIT_LOC_STRINGS = NO;
				SWIFT_VERSION = 5.0;
				TEST_HOST = "$(BUILT_PRODUCTS_DIR)/Notta.app/$(BUNDLE_EXECUTABLE_FOLDER_PATH)/Notta";
			};
			name = Release;
		};
/* End XCBuildConfiguration section */

/* Begin XCConfigurationList section */
		16D6E3BE2F2B551E003EE171 /* Build configuration list for PBXNativeTarget "Notta Pro" */ = {
			isa = XCConfigurationList;
			buildConfigurations = (
				16D6E3BF2F2B551E003EE171 /* Debug */,
				16D6E3C02F2B551E003EE171 /* Release */,
			);
			defaultConfigurationIsVisible = 0;
			defaultConfigurationName = Release;
		};
		A80000010000000000000001 /* Build configuration list for PBXNativeTarget "Notta" */ = {
			isa = XCConfigurationList;
			buildConfigurations = (
				B10000010000000000000003 /* Debug */,
				B10000010000000000000004 /* Release */,
			);
			defaultConfigurationIsVisible = 0;
			defaultConfigurationName = Release;
		};
		A80000010000000000000002 /* Build configuration list for PBXProject "Notta" */ = {
			isa = XCConfigurationList;
			buildConfigurations = (
				B10000010000000000000001 /* Debug */,
				B10000010000000000000002 /* Release */,
			);
			defaultConfigurationIsVisible = 0;
			defaultConfigurationName = Release;
		};
		E80000010000000000000001 /* Build configuration list for PBXNativeTarget "NottaTests" */ = {
			isa = XCConfigurationList;
			buildConfigurations = (
				E80000010000000000000002 /* Debug */,
				E80000010000000000000003 /* Release */,
			);
			defaultConfigurationIsVisible = 0;
			defaultConfigurationName = Release;
		};
/* End XCConfigurationList section */

/* Begin XCRemoteSwiftPackageReference section */
		16D6E3C32F2B6A15003EE171 /* XCRemoteSwiftPackageReference "Sparkle" */ = {
			isa = XCRemoteSwiftPackageReference;
			repositoryURL = "https://github.com/sparkle-project/Sparkle";
			requirement = {
				kind = upToNextMajorVersion;
				minimumVersion = 2.8.1;
			};
		};
		W30000010000000000000001 /* XCRemoteSwiftPackageReference "WhisperKit" */ = {
			isa = XCRemoteSwiftPackageReference;
			repositoryURL = "https://github.com/argmaxinc/WhisperKit.git";
			requirement = {
				kind = upToNextMajorVersion;
				minimumVersion = 0.9.0;
			};
		};
/* End XCRemoteSwiftPackageReference section */

/* Begin XCSwiftPackageProductDependency section */
		16D6E3C42F2B6A15003EE171 /* Sparkle */ = {
			isa = XCSwiftPackageProductDependency;
			package = 16D6E3C32F2B6A15003EE171 /* XCRemoteSwiftPackageReference "Sparkle" */;
			productName = Sparkle;
		};
		16D6E3C72F2B6A15003EE171 /* WhisperKit */ = {
			isa = XCSwiftPackageProductDependency;
			package = W30000010000000000000001 /* XCRemoteSwiftPackageReference "WhisperKit" */;
			productName = WhisperKit;
		};
		W30000010000000000000002 /* WhisperKit */ = {
			isa = XCSwiftPackageProductDependency;
			package = W30000010000000000000001 /* XCRemoteSwiftPackageReference "WhisperKit" */;
			productName = WhisperKit;
		};
/* End XCSwiftPackageProductDependency section */
	};
	rootObject = A90000010000000000000001 /* Project object */;
}
